
Microsoft Visual Studio Solution File, Format Version 12.00
# Visual Studio Version 17
VisualStudioVersion = 17.7.34202.233
MinimumVisualStudioVersion = 10.0.40219.1
Project("{FAE04EC0-301F-11D3-BF4B-00C04F79EFBC}") = "OperatorOverloading", "OperatorOverloading.csproj", "{C3B6AF5B-D7BD-46F9-9EB0-EC43ADCFF6CF}"
EndProject
Project("{FAE04EC0-301F-11D3-BF4B-00C04F79EFBC}") = "IDisposableExample", "..\IDisposableExample\IDisposableExample.csproj", "{00312A0C-8D2D-48C2-8B04-A52FBA946F69}"
EndProject
Project("{FAE04EC0-301F-11D3-BF4B-00C04F79EFBC}") = "ArraySortingExample", "..\ArraySortingExample\ArraySortingExample.csproj", "{044B80D2-D9FE-4797-B3C2-8F5BA6826D2E}"
EndProject
Project("{FAE04EC0-301F-11D3-BF4B-00C04F79EFBC}") = "ReflectionExample", "..\ReflectionExample\ReflectionExample.csproj", "{CDB562A5-9763-4781-9E93-DC912B24E769}"
EndProject
Project("{FAE04EC0-301F-11D3-BF4B-00C04F79EFBC}") = "Indexers", "..\Indexers\Indexers.csproj", "{C4A27BC9-8687-4635-83B6-0B6E989DC8C9}"
EndProject
Global
	GlobalSection(SolutionConfigurationPlatforms) = preSolution
		Debug|Any CPU = Debug|Any CPU
		Release|Any CPU = Release|Any CPU
	EndGlobalSection
	GlobalSection(ProjectConfigurationPlatforms) = postSolution
		{C3B6AF5B-D7BD-46F9-9EB0-EC43ADCFF6CF}.Debug|Any CPU.ActiveCfg = Debug|Any CPU
		{C3B6AF5B-D7BD-46F9-9EB0-EC43ADCFF6CF}.Debug|Any CPU.Build.0 = Debug|Any CPU
		{C3B6AF5B-D7BD-46F9-9EB0-EC43ADCFF6CF}.Release|Any CPU.ActiveCfg = Release|Any CPU
		{C3B6AF5B-D7BD-46F9-9EB0-EC43ADCFF6CF}.Release|Any CPU.Build.0 = Release|Any CPU
		{00312A0C-8D2D-48C2-8B04-A52FBA946F69}.Debug|Any CPU.ActiveCfg = Debug|Any CPU
		{00312A0C-8D2D-48C2-8B04-A52FBA946F69}.Debug|Any CPU.Build.0 = Debug|Any CPU
		{00312A0C-8D2D-48C2-8B04-A52FBA946F69}.Release|Any CPU.ActiveCfg = Release|Any CPU
		{00312A0C-8D2D-48C2-8B04-A52FBA946F69}.Release|Any CPU.Build.0 = Release|Any CPU
		{044B80D2-D9FE-4797-B3C2-8F5BA6826D2E}.Debug|Any CPU.ActiveCfg = Debug|Any CPU
		{044B80D2-D9FE-4797-B3C2-8F5BA6826D2E}.Debug|Any CPU.Build.0 = Debug|Any CPU
		{044B80D2-D9FE-4797-B3C2-8F5BA6826D2E}.Release|Any CPU.ActiveCfg = Release|Any CPU
		{044B80D2-D9FE-4797-B3C2-8F5BA6826D2E}.Release|Any CPU.Build.0 = Release|Any CPU
		{CDB562A5-9763-4781-9E93-DC912B24E769}.Debug|Any CPU.ActiveCfg = Debug|Any CPU
		{CDB562A5-9763-4781-9E93-DC912B24E769}.Debug|Any CPU.Build.0 = Debug|Any CPU
		{CDB562A5-9763-4781-9E93-DC912B24E769}.Release|Any CPU.ActiveCfg = Release|Any CPU
		{CDB562A5-9763-4781-9E93-DC912B24E769}.Release|Any CPU.Build.0 = Release|Any CPU
		{C4A27BC9-8687-4635-83B6-0B6E989DC8C9}.Debug|Any CPU.ActiveCfg = Debug|Any CPU
		{C4A27BC9-8687-4635-83B6-0B6E989DC8C9}.Debug|Any CPU.Build.0 = Debug|Any CPU
		{C4A27BC9-8687-4635-83B6-0B6E989DC8C9}.Release|Any CPU.ActiveCfg = Release|Any CPU
		{C4A27BC9-8687-4635-83B6-0B6E989DC8C9}.Release|Any CPU.Build.0 = Release|Any CPU
	EndGlobalSection
	GlobalSection(SolutionProperties) = preSolution
		HideSolutionNode = FALSE
	EndGlobalSection
	GlobalSection(ExtensibilityGlobals) = postSolution
		SolutionGuid = {8DD93AB6-B50B-4E7B-BA48-4569A00424B8}
	EndGlobalSection
EndGlobal
