
Microsoft Visual Studio Solution File, Format Version 12.00
# Visual Studio Version 17
VisualStudioVersion = 17.7.34202.233
MinimumVisualStudioVersion = 10.0.40219.1
Project("{FAE04EC0-301F-11D3-BF4B-00C04F79EFBC}") = "LinqExample", "LinqExample\LinqExample.csproj", "{8A83F9A3-0F46-42AB-9258-8BED24724805}"
EndProject
Global
	GlobalSection(SolutionConfigurationPlatforms) = preSolution
		Debug|Any CPU = Debug|Any CPU
		Release|Any CPU = Release|Any CPU
	EndGlobalSection
	GlobalSection(ProjectConfigurationPlatforms) = postSolution
		{8A83F9A3-0F46-42AB-9258-8BED24724805}.Debug|Any CPU.ActiveCfg = Debug|Any CPU
		{8A83F9A3-0F46-42AB-9258-8BED24724805}.Debug|Any CPU.Build.0 = Debug|Any CPU
		{8A83F9A3-0F46-42AB-9258-8BED24724805}.Release|Any CPU.ActiveCfg = Release|Any CPU
		{8A83F9A3-0F46-42AB-9258-8BED24724805}.Release|Any CPU.Build.0 = Release|Any CPU
	EndGlobalSection
	GlobalSection(SolutionProperties) = preSolution
		HideSolutionNode = FALSE
	EndGlobalSection
	GlobalSection(ExtensibilityGlobals) = postSolution
		SolutionGuid = {246F7D35-247B-4FBA-A2BB-340EE18FEC9A}
	EndGlobalSection
EndGlobal
