
Microsoft Visual Studio Solution File, Format Version 12.00
# Visual Studio Version 17
VisualStudioVersion = 17.7.34202.233
MinimumVisualStudioVersion = 10.0.40219.1
Project("{9A19103F-16F7-4668-BE54-9A1E7A4F7556}") = "ThreadingExample", "ThreadingExample\ThreadingExample.csproj", "{27F484CA-FC7F-4D04-8D20-2BB16DCC5900}"
EndProject
Project("{FAE04EC0-301F-11D3-BF4B-00C04F79EFBC}") = "ThreadingArrayToDo", "..\..\..\OneDrive\Desktop\DotNet\ThreadingArrayToDo\ThreadingArrayToDo.csproj", "{73972A6C-3726-40E9-8231-9844D77CF22D}"
EndProject
Global
	GlobalSection(SolutionConfigurationPlatforms) = preSolution
		Debug|Any CPU = Debug|Any CPU
		Release|Any CPU = Release|Any CPU
	EndGlobalSection
	GlobalSection(ProjectConfigurationPlatforms) = postSolution
		{27F484CA-FC7F-4D04-8D20-2BB16DCC5900}.Debug|Any CPU.ActiveCfg = Debug|Any CPU
		{27F484CA-FC7F-4D04-8D20-2BB16DCC5900}.Debug|Any CPU.Build.0 = Debug|Any CPU
		{27F484CA-FC7F-4D04-8D20-2BB16DCC5900}.Release|Any CPU.ActiveCfg = Release|Any CPU
		{27F484CA-FC7F-4D04-8D20-2BB16DCC5900}.Release|Any CPU.Build.0 = Release|Any CPU
		{73972A6C-3726-40E9-8231-9844D77CF22D}.Debug|Any CPU.ActiveCfg = Debug|Any CPU
		{73972A6C-3726-40E9-8231-9844D77CF22D}.Debug|Any CPU.Build.0 = Debug|Any CPU
		{73972A6C-3726-40E9-8231-9844D77CF22D}.Release|Any CPU.ActiveCfg = Release|Any CPU
		{73972A6C-3726-40E9-8231-9844D77CF22D}.Release|Any CPU.Build.0 = Release|Any CPU
	EndGlobalSection
	GlobalSection(SolutionProperties) = preSolution
		HideSolutionNode = FALSE
	EndGlobalSection
	GlobalSection(ExtensibilityGlobals) = postSolution
		SolutionGuid = {50B095A0-9694-46EA-9472-15B91F89CE9E}
	EndGlobalSection
EndGlobal
