
Microsoft Visual Studio Solution File, Format Version 12.00
# Visual Studio Version 17
VisualStudioVersion = 17.7.34202.233
MinimumVisualStudioVersion = 10.0.40219.1
Project("{FAE04EC0-301F-11D3-BF4B-00C04F79EFBC}") = "FileEmployeeToDo", "FileEmployeeToDo.csproj", "{384F578F-114B-44BB-A685-2DDEC2AEE55C}"
EndProject
Project("{FAE04EC0-301F-11D3-BF4B-00C04F79EFBC}") = "FileEmployeeArrayToDo", "..\FileEmployeeArrayToDo\FileEmployeeArrayToDo.csproj", "{44539163-6322-481F-BBE3-D103BB991A65}"
EndProject
Project("{FAE04EC0-301F-11D3-BF4B-00C04F79EFBC}") = "SerializationExample", "..\SerializationExample\SerializationExample.csproj", "{43204E78-8137-4953-88B0-8456FBA567BE}"
EndProject
Global
	GlobalSection(SolutionConfigurationPlatforms) = preSolution
		Debug|Any CPU = Debug|Any CPU
		Release|Any CPU = Release|Any CPU
	EndGlobalSection
	GlobalSection(ProjectConfigurationPlatforms) = postSolution
		{384F578F-114B-44BB-A685-2DDEC2AEE55C}.Debug|Any CPU.ActiveCfg = Debug|Any CPU
		{384F578F-114B-44BB-A685-2DDEC2AEE55C}.Debug|Any CPU.Build.0 = Debug|Any CPU
		{384F578F-114B-44BB-A685-2DDEC2AEE55C}.Release|Any CPU.ActiveCfg = Release|Any CPU
		{384F578F-114B-44BB-A685-2DDEC2AEE55C}.Release|Any CPU.Build.0 = Release|Any CPU
		{44539163-6322-481F-BBE3-D103BB991A65}.Debug|Any CPU.ActiveCfg = Debug|Any CPU
		{44539163-6322-481F-BBE3-D103BB991A65}.Debug|Any CPU.Build.0 = Debug|Any CPU
		{44539163-6322-481F-BBE3-D103BB991A65}.Release|Any CPU.ActiveCfg = Release|Any CPU
		{44539163-6322-481F-BBE3-D103BB991A65}.Release|Any CPU.Build.0 = Release|Any CPU
		{43204E78-8137-4953-88B0-8456FBA567BE}.Debug|Any CPU.ActiveCfg = Debug|Any CPU
		{43204E78-8137-4953-88B0-8456FBA567BE}.Debug|Any CPU.Build.0 = Debug|Any CPU
		{43204E78-8137-4953-88B0-8456FBA567BE}.Release|Any CPU.ActiveCfg = Release|Any CPU
		{43204E78-8137-4953-88B0-8456FBA567BE}.Release|Any CPU.Build.0 = Release|Any CPU
	EndGlobalSection
	GlobalSection(SolutionProperties) = preSolution
		HideSolutionNode = FALSE
	EndGlobalSection
	GlobalSection(ExtensibilityGlobals) = postSolution
		SolutionGuid = {1D0EDD90-E1EE-4BD6-A76F-AD4428E63920}
	EndGlobalSection
EndGlobal
